
Microsoft Visual Studio Solution File, Format Version 12.00
# Visual Studio 2013
VisualStudioVersion = 12.0.21005.1
MinimumVisualStudioVersion = 10.0.40219.1
Project("{FAE04EC0-301F-11D3-BF4B-00C04F79EFBC}") = "PromotionEngine", "PromotionEngine\PromotionEngine.csproj", "{957C9088-7B59-4C56-BAF5-DC847E2A7548}"
EndProject
Project("{2150E333-8FDC-42A3-9474-1A3956D46DE8}") = ".nuget", ".nuget", "{806DEEEF-E73A-46B7-A849-24E36C9F6E21}"
EndProject
Project("{FAE04EC0-301F-11D3-BF4B-00C04F79EFBC}") = "PromotionEngineTest", "PromotionEngineTests\PromotionEngineTest.csproj", "{CEFD7EE2-8B14-4D97-9F2C-B7ACACC17BB3}"
EndProject
Global
	GlobalSection(SolutionConfigurationPlatforms) = preSolution
		Debug|Any CPU = Debug|Any CPU
		Release|Any CPU = Release|Any CPU
	EndGlobalSection
	GlobalSection(ProjectConfigurationPlatforms) = postSolution
		{957C9088-7B59-4C56-BAF5-DC847E2A7548}.Debug|Any CPU.ActiveCfg = Debug|Any CPU
		{957C9088-7B59-4C56-BAF5-DC847E2A7548}.Debug|Any CPU.Build.0 = Debug|Any CPU
		{957C9088-7B59-4C56-BAF5-DC847E2A7548}.Release|Any CPU.ActiveCfg = Release|Any CPU
		{957C9088-7B59-4C56-BAF5-DC847E2A7548}.Release|Any CPU.Build.0 = Release|Any CPU
		{CEFD7EE2-8B14-4D97-9F2C-B7ACACC17BB3}.Debug|Any CPU.ActiveCfg = Debug|Any CPU
		{CEFD7EE2-8B14-4D97-9F2C-B7ACACC17BB3}.Debug|Any CPU.Build.0 = Debug|Any CPU
		{CEFD7EE2-8B14-4D97-9F2C-B7ACACC17BB3}.Release|Any CPU.ActiveCfg = Release|Any CPU
		{CEFD7EE2-8B14-4D97-9F2C-B7ACACC17BB3}.Release|Any CPU.Build.0 = Release|Any CPU
	EndGlobalSection
	GlobalSection(SolutionProperties) = preSolution
		HideSolutionNode = FALSE
	EndGlobalSection
EndGlobal
